
Microsoft Visual Studio Solution File, Format Version 12.00
# Visual Studio Version 17
VisualStudioVersion = 17.3.32819.101
MinimumVisualStudioVersion = 10.0.40219.1
Project("{FAE04EC0-301F-11D3-BF4B-00C04F79EFBC}") = "SWII6-TP01", "SWII6-TP01\SWII6-TP01.csproj", "{8704AB6A-9406-498E-B119-2AADF5A24964}"
EndProject
Global
	GlobalSection(SolutionConfigurationPlatforms) = preSolution
		Debug|Any CPU = Debug|Any CPU
		Release|Any CPU = Release|Any CPU
	EndGlobalSection
	GlobalSection(ProjectConfigurationPlatforms) = postSolution
		{8704AB6A-9406-498E-B119-2AADF5A24964}.Debug|Any CPU.ActiveCfg = Debug|Any CPU
		{8704AB6A-9406-498E-B119-2AADF5A24964}.Debug|Any CPU.Build.0 = Debug|Any CPU
		{8704AB6A-9406-498E-B119-2AADF5A24964}.Release|Any CPU.ActiveCfg = Release|Any CPU
		{8704AB6A-9406-498E-B119-2AADF5A24964}.Release|Any CPU.Build.0 = Release|Any CPU
	EndGlobalSection
	GlobalSection(SolutionProperties) = preSolution
		HideSolutionNode = FALSE
	EndGlobalSection
	GlobalSection(ExtensibilityGlobals) = postSolution
		SolutionGuid = {6D45A7B8-0B58-4126-B20C-67582B970BC3}
	EndGlobalSection
EndGlobal
