
Microsoft Visual Studio Solution File, Format Version 12.00
# Visual Studio Version 17
VisualStudioVersion = 17.3.32929.385
MinimumVisualStudioVersion = 10.0.40219.1
Project("{FAE04EC0-301F-11D3-BF4B-00C04F79EFBC}") = "TPFinal.Desktop", "TPFinal.Desktop\TPFinal.Desktop.csproj", "{F2F137B9-BDD8-418A-875D-251706567EA9}"
EndProject
Global
	GlobalSection(SolutionConfigurationPlatforms) = preSolution
		Debug|Any CPU = Debug|Any CPU
		Release|Any CPU = Release|Any CPU
	EndGlobalSection
	GlobalSection(ProjectConfigurationPlatforms) = postSolution
		{F2F137B9-BDD8-418A-875D-251706567EA9}.Debug|Any CPU.ActiveCfg = Debug|Any CPU
		{F2F137B9-BDD8-418A-875D-251706567EA9}.Debug|Any CPU.Build.0 = Debug|Any CPU
		{F2F137B9-BDD8-418A-875D-251706567EA9}.Release|Any CPU.ActiveCfg = Release|Any CPU
		{F2F137B9-BDD8-418A-875D-251706567EA9}.Release|Any CPU.Build.0 = Release|Any CPU
	EndGlobalSection
	GlobalSection(SolutionProperties) = preSolution
		HideSolutionNode = FALSE
	EndGlobalSection
	GlobalSection(ExtensibilityGlobals) = postSolution
		SolutionGuid = {032F1805-F80C-4286-8765-2DBA5D722E09}
	EndGlobalSection
EndGlobal
